
Microsoft Visual Studio Solution File, Format Version 12.00
# Visual Studio Version 17
VisualStudioVersion = 17.10.35013.160
MinimumVisualStudioVersion = 10.0.40219.1
Project("{2150E333-8FDC-42A3-9474-1A3956D46DE8}") = "Services", "Services", "{9A01FFB6-D366-47DE-B59C-EA3AFA6A7D93}"
EndProject
Project("{2150E333-8FDC-42A3-9474-1A3956D46DE8}") = "Catalog", "Catalog", "{D9FAD606-CB72-4080-B3B3-D2629283053D}"
EndProject
Project("{9A19103F-16F7-4668-BE54-9A1E7A4F7556}") = "Catalog.API", "Services\Catalog\Catalog.API\Catalog.API.csproj", "{F7E34452-6B6E-42BF-B08B-08D1ED04811A}"
EndProject
Project("{2150E333-8FDC-42A3-9474-1A3956D46DE8}") = "BuldBlocks", "BuldBlocks", "{E2D6708C-B2F9-4D8E-A2EE-51578B9282E3}"
EndProject
Project("{9A19103F-16F7-4668-BE54-9A1E7A4F7556}") = "BuildingBlocks", "BuildingBlocks\BuildingBlocks\BuildingBlocks.csproj", "{10CB3CD3-47C8-4EDC-82E5-C23A18F0C6EE}"
EndProject
Project("{E53339B2-1760-4266-BCC7-CA923CBCF16C}") = "docker-compose", "docker-compose.dcproj", "{197B5DA1-ECBB-4028-B40D-32BAC6FBCF6F}"
EndProject
Project("{2150E333-8FDC-42A3-9474-1A3956D46DE8}") = "Basket", "Basket", "{68C2F703-D942-4D87-8038-F82E5F1E87A7}"
EndProject
Project("{9A19103F-16F7-4668-BE54-9A1E7A4F7556}") = "Basket.API", "Services\Basket\Basket.API\Basket.API.csproj", "{27DD3A21-B4CA-4671-B7C5-14BF99D9FFEC}"
EndProject
Project("{2150E333-8FDC-42A3-9474-1A3956D46DE8}") = "Discount", "Discount", "{7E72F515-EADA-427E-A443-66F497CC9DE4}"
EndProject
Project("{FAE04EC0-301F-11D3-BF4B-00C04F79EFBC}") = "Discount.Grpc", "Services\Discount\Discount.Grpc\Discount.Grpc.csproj", "{C941C11B-B305-44ED-878B-DC51AE93D89A}"
EndProject
Project("{2150E333-8FDC-42A3-9474-1A3956D46DE8}") = "Ordering", "Ordering", "{C68DF5AF-4229-41DA-8E72-79A3D4536A59}"
EndProject
Project("{FAE04EC0-301F-11D3-BF4B-00C04F79EFBC}") = "Ordering.API", "Services\Ordering\Ordering.API\Ordering.API.csproj", "{DFB28914-A08C-40C1-A1E4-DE10F2CFDB5A}"
EndProject
Project("{FAE04EC0-301F-11D3-BF4B-00C04F79EFBC}") = "Ordering.Domain", "Services\Ordering\Ordering.Domain\Ordering.Domain.csproj", "{6B8E42BA-1468-4396-8FE9-2DAE69EE76E0}"
EndProject
Project("{FAE04EC0-301F-11D3-BF4B-00C04F79EFBC}") = "Ordering.Application", "Services\Ordering\Ordering.Application\Ordering.Application.csproj", "{D4076646-F332-489C-A0AB-67A6B6656039}"
EndProject
Project("{FAE04EC0-301F-11D3-BF4B-00C04F79EFBC}") = "Ordering.Infrastructure", "Services\Ordering\Ordering.Infrastructure\Ordering.Infrastructure.csproj", "{0243E652-56FE-4E6B-A8E3-767BEB06195B}"
EndProject
Global
	GlobalSection(SolutionConfigurationPlatforms) = preSolution
		Debug|Any CPU = Debug|Any CPU
		Release|Any CPU = Release|Any CPU
	EndGlobalSection
	GlobalSection(ProjectConfigurationPlatforms) = postSolution
		{F7E34452-6B6E-42BF-B08B-08D1ED04811A}.Debug|Any CPU.ActiveCfg = Debug|Any CPU
		{F7E34452-6B6E-42BF-B08B-08D1ED04811A}.Debug|Any CPU.Build.0 = Debug|Any CPU
		{F7E34452-6B6E-42BF-B08B-08D1ED04811A}.Release|Any CPU.ActiveCfg = Release|Any CPU
		{F7E34452-6B6E-42BF-B08B-08D1ED04811A}.Release|Any CPU.Build.0 = Release|Any CPU
		{10CB3CD3-47C8-4EDC-82E5-C23A18F0C6EE}.Debug|Any CPU.ActiveCfg = Debug|Any CPU
		{10CB3CD3-47C8-4EDC-82E5-C23A18F0C6EE}.Debug|Any CPU.Build.0 = Debug|Any CPU
		{10CB3CD3-47C8-4EDC-82E5-C23A18F0C6EE}.Release|Any CPU.ActiveCfg = Release|Any CPU
		{10CB3CD3-47C8-4EDC-82E5-C23A18F0C6EE}.Release|Any CPU.Build.0 = Release|Any CPU
		{197B5DA1-ECBB-4028-B40D-32BAC6FBCF6F}.Debug|Any CPU.ActiveCfg = Debug|Any CPU
		{197B5DA1-ECBB-4028-B40D-32BAC6FBCF6F}.Debug|Any CPU.Build.0 = Debug|Any CPU
		{197B5DA1-ECBB-4028-B40D-32BAC6FBCF6F}.Release|Any CPU.ActiveCfg = Release|Any CPU
		{197B5DA1-ECBB-4028-B40D-32BAC6FBCF6F}.Release|Any CPU.Build.0 = Release|Any CPU
		{27DD3A21-B4CA-4671-B7C5-14BF99D9FFEC}.Debug|Any CPU.ActiveCfg = Debug|Any CPU
		{27DD3A21-B4CA-4671-B7C5-14BF99D9FFEC}.Debug|Any CPU.Build.0 = Debug|Any CPU
		{27DD3A21-B4CA-4671-B7C5-14BF99D9FFEC}.Release|Any CPU.ActiveCfg = Release|Any CPU
		{27DD3A21-B4CA-4671-B7C5-14BF99D9FFEC}.Release|Any CPU.Build.0 = Release|Any CPU
		{C941C11B-B305-44ED-878B-DC51AE93D89A}.Debug|Any CPU.ActiveCfg = Debug|Any CPU
		{C941C11B-B305-44ED-878B-DC51AE93D89A}.Debug|Any CPU.Build.0 = Debug|Any CPU
		{C941C11B-B305-44ED-878B-DC51AE93D89A}.Release|Any CPU.ActiveCfg = Release|Any CPU
		{C941C11B-B305-44ED-878B-DC51AE93D89A}.Release|Any CPU.Build.0 = Release|Any CPU
		{DFB28914-A08C-40C1-A1E4-DE10F2CFDB5A}.Debug|Any CPU.ActiveCfg = Debug|Any CPU
		{DFB28914-A08C-40C1-A1E4-DE10F2CFDB5A}.Debug|Any CPU.Build.0 = Debug|Any CPU
		{DFB28914-A08C-40C1-A1E4-DE10F2CFDB5A}.Release|Any CPU.ActiveCfg = Release|Any CPU
		{DFB28914-A08C-40C1-A1E4-DE10F2CFDB5A}.Release|Any CPU.Build.0 = Release|Any CPU
		{6B8E42BA-1468-4396-8FE9-2DAE69EE76E0}.Debug|Any CPU.ActiveCfg = Debug|Any CPU
		{6B8E42BA-1468-4396-8FE9-2DAE69EE76E0}.Debug|Any CPU.Build.0 = Debug|Any CPU
		{6B8E42BA-1468-4396-8FE9-2DAE69EE76E0}.Release|Any CPU.ActiveCfg = Release|Any CPU
		{6B8E42BA-1468-4396-8FE9-2DAE69EE76E0}.Release|Any CPU.Build.0 = Release|Any CPU
		{D4076646-F332-489C-A0AB-67A6B6656039}.Debug|Any CPU.ActiveCfg = Debug|Any CPU
		{D4076646-F332-489C-A0AB-67A6B6656039}.Debug|Any CPU.Build.0 = Debug|Any CPU
		{D4076646-F332-489C-A0AB-67A6B6656039}.Release|Any CPU.ActiveCfg = Release|Any CPU
		{D4076646-F332-489C-A0AB-67A6B6656039}.Release|Any CPU.Build.0 = Release|Any CPU
		{0243E652-56FE-4E6B-A8E3-767BEB06195B}.Debug|Any CPU.ActiveCfg = Debug|Any CPU
		{0243E652-56FE-4E6B-A8E3-767BEB06195B}.Debug|Any CPU.Build.0 = Debug|Any CPU
		{0243E652-56FE-4E6B-A8E3-767BEB06195B}.Release|Any CPU.ActiveCfg = Release|Any CPU
		{0243E652-56FE-4E6B-A8E3-767BEB06195B}.Release|Any CPU.Build.0 = Release|Any CPU
	EndGlobalSection
	GlobalSection(SolutionProperties) = preSolution
		HideSolutionNode = FALSE
	EndGlobalSection
	GlobalSection(NestedProjects) = preSolution
		{D9FAD606-CB72-4080-B3B3-D2629283053D} = {9A01FFB6-D366-47DE-B59C-EA3AFA6A7D93}
		{F7E34452-6B6E-42BF-B08B-08D1ED04811A} = {D9FAD606-CB72-4080-B3B3-D2629283053D}
		{10CB3CD3-47C8-4EDC-82E5-C23A18F0C6EE} = {E2D6708C-B2F9-4D8E-A2EE-51578B9282E3}
		{68C2F703-D942-4D87-8038-F82E5F1E87A7} = {9A01FFB6-D366-47DE-B59C-EA3AFA6A7D93}
		{27DD3A21-B4CA-4671-B7C5-14BF99D9FFEC} = {68C2F703-D942-4D87-8038-F82E5F1E87A7}
		{7E72F515-EADA-427E-A443-66F497CC9DE4} = {9A01FFB6-D366-47DE-B59C-EA3AFA6A7D93}
		{C941C11B-B305-44ED-878B-DC51AE93D89A} = {7E72F515-EADA-427E-A443-66F497CC9DE4}
		{C68DF5AF-4229-41DA-8E72-79A3D4536A59} = {9A01FFB6-D366-47DE-B59C-EA3AFA6A7D93}
		{DFB28914-A08C-40C1-A1E4-DE10F2CFDB5A} = {C68DF5AF-4229-41DA-8E72-79A3D4536A59}
		{6B8E42BA-1468-4396-8FE9-2DAE69EE76E0} = {C68DF5AF-4229-41DA-8E72-79A3D4536A59}
		{D4076646-F332-489C-A0AB-67A6B6656039} = {C68DF5AF-4229-41DA-8E72-79A3D4536A59}
		{0243E652-56FE-4E6B-A8E3-767BEB06195B} = {C68DF5AF-4229-41DA-8E72-79A3D4536A59}
	EndGlobalSection
	GlobalSection(ExtensibilityGlobals) = postSolution
		SolutionGuid = {30F34491-0915-4161-A747-A78CADE13729}
	EndGlobalSection
EndGlobal
